
Microsoft Visual Studio Solution File, Format Version 12.00
# Visual Studio Version 17
VisualStudioVersion = 17.14.36221.1 d17.14
MinimumVisualStudioVersion = 10.0.40219.1
Project("{FAE04EC0-301F-11D3-BF4B-00C04F79EFBC}") = "LINQ", "LINQ\LINQ.csproj", "{BD63E03E-9FB3-47C5-8BD7-CCD66507574C}"
EndProject
Global
	GlobalSection(SolutionConfigurationPlatforms) = preSolution
		Debug|Any CPU = Debug|Any CPU
		Release|Any CPU = Release|Any CPU
	EndGlobalSection
	GlobalSection(ProjectConfigurationPlatforms) = postSolution
		{BD63E03E-9FB3-47C5-8BD7-CCD66507574C}.Debug|Any CPU.ActiveCfg = Debug|Any CPU
		{BD63E03E-9FB3-47C5-8BD7-CCD66507574C}.Debug|Any CPU.Build.0 = Debug|Any CPU
		{BD63E03E-9FB3-47C5-8BD7-CCD66507574C}.Release|Any CPU.ActiveCfg = Release|Any CPU
		{BD63E03E-9FB3-47C5-8BD7-CCD66507574C}.Release|Any CPU.Build.0 = Release|Any CPU
	EndGlobalSection
	GlobalSection(SolutionProperties) = preSolution
		HideSolutionNode = FALSE
	EndGlobalSection
	GlobalSection(ExtensibilityGlobals) = postSolution
		SolutionGuid = {97F86366-6D79-4DA4-B074-3808940BBBB5}
	EndGlobalSection
EndGlobal
